
Microsoft Visual Studio Solution File, Format Version 12.00
# Visual Studio Version 17
VisualStudioVersion = 17.9.34728.123
MinimumVisualStudioVersion = 10.0.40219.1
Project("{FAE04EC0-301F-11D3-BF4B-00C04F79EFBC}") = "Path.Scanner", "Path.Scanner\Path.Scanner.csproj", "{67407A59-1049-43F1-A3EE-9DE05CFE28ED}"
EndProject
Global
	GlobalSection(SolutionConfigurationPlatforms) = preSolution
		Debug|Any CPU = Debug|Any CPU
		Release|Any CPU = Release|Any CPU
	EndGlobalSection
	GlobalSection(ProjectConfigurationPlatforms) = postSolution
		{67407A59-1049-43F1-A3EE-9DE05CFE28ED}.Debug|Any CPU.ActiveCfg = Debug|Any CPU
		{67407A59-1049-43F1-A3EE-9DE05CFE28ED}.Debug|Any CPU.Build.0 = Debug|Any CPU
		{67407A59-1049-43F1-A3EE-9DE05CFE28ED}.Release|Any CPU.ActiveCfg = Release|Any CPU
		{67407A59-1049-43F1-A3EE-9DE05CFE28ED}.Release|Any CPU.Build.0 = Release|Any CPU
	EndGlobalSection
	GlobalSection(SolutionProperties) = preSolution
		HideSolutionNode = FALSE
	EndGlobalSection
	GlobalSection(ExtensibilityGlobals) = postSolution
		SolutionGuid = {B1123016-2031-4190-9CCB-F52E9311FB77}
	EndGlobalSection
EndGlobal
